
Microsoft Visual Studio Solution File, Format Version 12.00
# Visual Studio Version 17
VisualStudioVersion = 17.1.32421.90
MinimumVisualStudioVersion = 10.0.40219.1
Project("{9A19103F-16F7-4668-BE54-9A1E7A4F7556}") = "CsharpSeleniumTestAutomation", "CharpSeleniumBaseAutomation\CsharpSeleniumTestAutomation.csproj", "{156A90D5-2527-458A-9933-699BE9D4735D}"
EndProject
Global
	GlobalSection(SolutionConfigurationPlatforms) = preSolution
		Debug|Any CPU = Debug|Any CPU
		Release|Any CPU = Release|Any CPU
	EndGlobalSection
	GlobalSection(ProjectConfigurationPlatforms) = postSolution
		{156A90D5-2527-458A-9933-699BE9D4735D}.Debug|Any CPU.ActiveCfg = Debug|Any CPU
		{156A90D5-2527-458A-9933-699BE9D4735D}.Debug|Any CPU.Build.0 = Debug|Any CPU
		{156A90D5-2527-458A-9933-699BE9D4735D}.Release|Any CPU.ActiveCfg = Release|Any CPU
		{156A90D5-2527-458A-9933-699BE9D4735D}.Release|Any CPU.Build.0 = Release|Any CPU
	EndGlobalSection
	GlobalSection(SolutionProperties) = preSolution
		HideSolutionNode = FALSE
	EndGlobalSection
	GlobalSection(ExtensibilityGlobals) = postSolution
		SolutionGuid = {8CCEAA01-577A-4485-B231-4BD4BB8C8050}
	EndGlobalSection
EndGlobal
